
Microsoft Visual Studio Solution File, Format Version 12.00
# Visual Studio Version 17
VisualStudioVersion = 17.1.32328.378
MinimumVisualStudioVersion = 10.0.40219.1
Project("{FAE04EC0-301F-11D3-BF4B-00C04F79EFBC}") = "ConsoleTest", "ConsoleTest\ConsoleTest.csproj", "{DE3D9844-C6FD-41E4-A355-17BD50064CA9}"
EndProject
Global
	GlobalSection(SolutionConfigurationPlatforms) = preSolution
		Debug|Any CPU = Debug|Any CPU
		Release|Any CPU = Release|Any CPU
	EndGlobalSection
	GlobalSection(ProjectConfigurationPlatforms) = postSolution
		{DE3D9844-C6FD-41E4-A355-17BD50064CA9}.Debug|Any CPU.ActiveCfg = Debug|Any CPU
		{DE3D9844-C6FD-41E4-A355-17BD50064CA9}.Debug|Any CPU.Build.0 = Debug|Any CPU
		{DE3D9844-C6FD-41E4-A355-17BD50064CA9}.Release|Any CPU.ActiveCfg = Release|Any CPU
		{DE3D9844-C6FD-41E4-A355-17BD50064CA9}.Release|Any CPU.Build.0 = Release|Any CPU
	EndGlobalSection
	GlobalSection(SolutionProperties) = preSolution
		HideSolutionNode = FALSE
	EndGlobalSection
	GlobalSection(ExtensibilityGlobals) = postSolution
		SolutionGuid = {9A9D0481-6313-478D-B2A9-E7B97C34D17D}
	EndGlobalSection
EndGlobal
